{
  "name": "tianleh-test-cases",
  "version": "1.0.0",
  "lockfileVersion": 1,
  "requires": true,
  "dependencies": {
    "@tianleh/tianleh-test-utility": {
      "version": "1.0.1",
      "resolved": "https://registry.npmjs.org/@tianleh/tianleh-test-utility/-/tianleh-test-utility-1.0.1.tgz",
      "integrity": "sha512-yK/VFLIAgZ1YU6Obmzr68fd3Ca3b3NKzsYW8J2tlo02t+he+/qvDcN/ea68TZ9dnYoeSgez1rofzm/azPoPWFg=="
    }
  }
}
